// !$*UTF8*$!
{
	archiveVersion = 1;
	classes = {
	};
	objectVersion = 48;
	objects = {

/* Begin PBXBuildFile section */
		EB39241E2058C5CA00062A66 /* Meme.swift in Sources */ = {isa = PBXBuildFile; fileRef = EB39241D2058C5CA00062A66 /* Meme.swift */; };
		EB7C35A3205A1CBD004CDC4B /* TextFieldExtension.swift in Sources */ = {isa = PBXBuildFile; fileRef = EB7C35A2205A1CBD004CDC4B /* TextFieldExtension.swift */; };
		EBB2C19C2070A0F2006EE0B5 /* MemeTableViewCell.swift in Sources */ = {isa = PBXBuildFile; fileRef = EBB2C19B2070A0F2006EE0B5 /* MemeTableViewCell.swift */; };
		EBBAE28B2058834E002022E3 /* impact.ttf in Resources */ = {isa = PBXBuildFile; fileRef = EBBAE28A2058834D002022E3 /* impact.ttf */; };
		EBBE801A2055DC3E009B9430 /* AppDelegate.swift in Sources */ = {isa = PBXBuildFile; fileRef = EBBE80192055DC3E009B9430 /* AppDelegate.swift */; };
		EBBE801C2055DC3E009B9430 /* MemeEditorViewController.swift in Sources */ = {isa = PBXBuildFile; fileRef = EBBE801B2055DC3E009B9430 /* MemeEditorViewController.swift */; };
		EBBE801F2055DC3E009B9430 /* Main.storyboard in Resources */ = {isa = PBXBuildFile; fileRef = EBBE801D2055DC3E009B9430 /* Main.storyboard */; };
		EBBE80212055DC3E009B9430 /* Assets.xcassets in Resources */ = {isa = PBXBuildFile; fileRef = EBBE80202055DC3E009B9430 /* Assets.xcassets */; };
		EBBE80242055DC3E009B9430 /* LaunchScreen.storyboard in Resources */ = {isa = PBXBuildFile; fileRef = EBBE80222055DC3E009B9430 /* LaunchScreen.storyboard */; };
		EBBE802F2055DC3E009B9430 /* MemeMe_AppTests.swift in Sources */ = {isa = PBXBuildFile; fileRef = EBBE802E2055DC3E009B9430 /* MemeMe_AppTests.swift */; };
		EBBE803A2055DC3E009B9430 /* MemeMe_AppUITests.swift in Sources */ = {isa = PBXBuildFile; fileRef = EBBE80392055DC3E009B9430 /* MemeMe_AppUITests.swift */; };
		EBED4066206DBD6700E0686B /* SentMemesTableViewController.swift in Sources */ = {isa = PBXBuildFile; fileRef = EBED4065206DBD6700E0686B /* SentMemesTableViewController.swift */; };
		EBED4068206DBD9900E0686B /* SentMemesCollectionViewController.swift in Sources */ = {isa = PBXBuildFile; fileRef = EBED4067206DBD9900E0686B /* SentMemesCollectionViewController.swift */; };
		EBED406A206DBE9A00E0686B /* MemeDetailViewController.swift in Sources */ = {isa = PBXBuildFile; fileRef = EBED4069206DBE9A00E0686B /* MemeDetailViewController.swift */; };
		EBED406C206ED5DE00E0686B /* MemeCollectionViewCell.swift in Sources */ = {isa = PBXBuildFile; fileRef = EBED406B206ED5DE00E0686B /* MemeCollectionViewCell.swift */; };
/* End PBXBuildFile section */

/* Begin PBXContainerItemProxy section */
		EBBE802B2055DC3E009B9430 /* PBXContainerItemProxy */ = {
			isa = PBXContainerItemProxy;
			containerPortal = EBBE800E2055DC3E009B9430 /* Project object */;
			proxyType = 1;
			remoteGlobalIDString = EBBE80152055DC3E009B9430;
			remoteInfo = "MemeMe App";
		};
		EBBE80362055DC3E009B9430 /* PBXContainerItemProxy */ = {
			isa = PBXContainerItemProxy;
			containerPortal = EBBE800E2055DC3E009B9430 /* Project object */;
			proxyType = 1;
			remoteGlobalIDString = EBBE80152055DC3E009B9430;
			remoteInfo = "MemeMe App";
		};
/* End PBXContainerItemProxy section */

/* Begin PBXFileReference section */
		EB39241D2058C5CA00062A66 /* Meme.swift */ = {isa = PBXFileReference; lastKnownFileType = sourcecode.swift; path = Meme.swift; sourceTree = "<group>"; };
		EB7C35A2205A1CBD004CDC4B /* TextFieldExtension.swift */ = {isa = PBXFileReference; lastKnownFileType = sourcecode.swift; path = TextFieldExtension.swift; sourceTree = "<group>"; };
		EBB2C19B2070A0F2006EE0B5 /* MemeTableViewCell.swift */ = {isa = PBXFileReference; lastKnownFileType = sourcecode.swift; path = MemeTableViewCell.swift; sourceTree = "<group>"; };
		EBBAE28A2058834D002022E3 /* impact.ttf */ = {isa = PBXFileReference; lastKnownFileType = file; path = impact.ttf; sourceTree = SOURCE_ROOT; };
		EBBE80162055DC3E009B9430 /* MemeMe App.app */ = {isa = PBXFileReference; explicitFileType = wrapper.application; includeInIndex = 0; path = "MemeMe App.app"; sourceTree = BUILT_PRODUCTS_DIR; };
		EBBE80192055DC3E009B9430 /* AppDelegate.swift */ = {isa = PBXFileReference; lastKnownFileType = sourcecode.swift; path = AppDelegate.swift; sourceTree = "<group>"; };
		EBBE801B2055DC3E009B9430 /* MemeEditorViewController.swift */ = {isa = PBXFileReference; lastKnownFileType = sourcecode.swift; path = MemeEditorViewController.swift; sourceTree = "<group>"; };
		EBBE801E2055DC3E009B9430 /* Base */ = {isa = PBXFileReference; lastKnownFileType = file.storyboard; name = Base; path = Base.lproj/Main.storyboard; sourceTree = "<group>"; };
		EBBE80202055DC3E009B9430 /* Assets.xcassets */ = {isa = PBXFileReference; lastKnownFileType = folder.assetcatalog; path = Assets.xcassets; sourceTree = "<group>"; };
		EBBE80232055DC3E009B9430 /* Base */ = {isa = PBXFileReference; lastKnownFileType = file.storyboard; name = Base; path = Base.lproj/LaunchScreen.storyboard; sourceTree = "<group>"; };
		EBBE80252055DC3E009B9430 /* Info.plist */ = {isa = PBXFileReference; lastKnownFileType = text.plist.xml; path = Info.plist; sourceTree = "<group>"; };
		EBBE802A2055DC3E009B9430 /* MemeMe AppTests.xctest */ = {isa = PBXFileReference; explicitFileType = wrapper.cfbundle; includeInIndex = 0; path = "MemeMe AppTests.xctest"; sourceTree = BUILT_PRODUCTS_DIR; };
		EBBE802E2055DC3E009B9430 /* MemeMe_AppTests.swift */ = {isa = PBXFileReference; lastKnownFileType = sourcecode.swift; path = MemeMe_AppTests.swift; sourceTree = "<group>"; };
		EBBE80302055DC3E009B9430 /* Info.plist */ = {isa = PBXFileReference; lastKnownFileType = text.plist.xml; path = Info.plist; sourceTree = "<group>"; };
		EBBE80352055DC3E009B9430 /* MemeMe AppUITests.xctest */ = {isa = PBXFileReference; explicitFileType = wrapper.cfbundle; includeInIndex = 0; path = "MemeMe AppUITests.xctest"; sourceTree = BUILT_PRODUCTS_DIR; };
		EBBE80392055DC3E009B9430 /* MemeMe_AppUITests.swift */ = {isa = PBXFileReference; lastKnownFileType = sourcecode.swift; path = MemeMe_AppUITests.swift; sourceTree = "<group>"; };
		EBBE803B2055DC3E009B9430 /* Info.plist */ = {isa = PBXFileReference; lastKnownFileType = text.plist.xml; path = Info.plist; sourceTree = "<group>"; };
		EBED4065206DBD6700E0686B /* SentMemesTableViewController.swift */ = {isa = PBXFileReference; lastKnownFileType = sourcecode.swift; path = SentMemesTableViewController.swift; sourceTree = "<group>"; };
		EBED4067206DBD9900E0686B /* SentMemesCollectionViewController.swift */ = {isa = PBXFileReference; lastKnownFileType = sourcecode.swift; path = SentMemesCollectionViewController.swift; sourceTree = "<group>"; };
		EBED4069206DBE9A00E0686B /* MemeDetailViewController.swift */ = {isa = PBXFileReference; lastKnownFileType = sourcecode.swift; path = MemeDetailViewController.swift; sourceTree = "<group>"; };
		EBED406B206ED5DE00E0686B /* MemeCollectionViewCell.swift */ = {isa = PBXFileReference; lastKnownFileType = sourcecode.swift; path = MemeCollectionViewCell.swift; sourceTree = "<group>"; };
/* End PBXFileReference section */

/* Begin PBXFrameworksBuildPhase section */
		EBBE80132055DC3E009B9430 /* Frameworks */ = {
			isa = PBXFrameworksBuildPhase;
			buildActionMask = 2147483647;
			files = (
			);
			runOnlyForDeploymentPostprocessing = 0;
		};
		EBBE80272055DC3E009B9430 /* Frameworks */ = {
			isa = PBXFrameworksBuildPhase;
			buildActionMask = 2147483647;
			files = (
			);
			runOnlyForDeploymentPostprocessing = 0;
		};
		EBBE80322055DC3E009B9430 /* Frameworks */ = {
			isa = PBXFrameworksBuildPhase;
			buildActionMask = 2147483647;
			files = (
			);
			runOnlyForDeploymentPostprocessing = 0;
		};
/* End PBXFrameworksBuildPhase section */

/* Begin PBXGroup section */
		EBBE800D2055DC3E009B9430 = {
			isa = PBXGroup;
			children = (
				EBBE80182055DC3E009B9430 /* MemeMe App */,
				EBBE802D2055DC3E009B9430 /* MemeMe AppTests */,
				EBBE80382055DC3E009B9430 /* MemeMe AppUITests */,
				EBBE80172055DC3E009B9430 /* Products */,
			);
			sourceTree = "<group>";
		};
		EBBE80172055DC3E009B9430 /* Products */ = {
			isa = PBXGroup;
			children = (
				EBBE80162055DC3E009B9430 /* MemeMe App.app */,
				EBBE802A2055DC3E009B9430 /* MemeMe AppTests.xctest */,
				EBBE80352055DC3E009B9430 /* MemeMe AppUITests.xctest */,
			);
			name = Products;
			sourceTree = "<group>";
		};
		EBBE80182055DC3E009B9430 /* MemeMe App */ = {
			isa = PBXGroup;
			children = (
				EB39241D2058C5CA00062A66 /* Meme.swift */,
				EBBAE28A2058834D002022E3 /* impact.ttf */,
				EBBE80192055DC3E009B9430 /* AppDelegate.swift */,
				EBBE801B2055DC3E009B9430 /* MemeEditorViewController.swift */,
				EB7C35A2205A1CBD004CDC4B /* TextFieldExtension.swift */,
				EBED4065206DBD6700E0686B /* SentMemesTableViewController.swift */,
				EBB2C19B2070A0F2006EE0B5 /* MemeTableViewCell.swift */,
				EBED4067206DBD9900E0686B /* SentMemesCollectionViewController.swift */,
				EBBE801D2055DC3E009B9430 /* Main.storyboard */,
				EBED4069206DBE9A00E0686B /* MemeDetailViewController.swift */,
				EBED406B206ED5DE00E0686B /* MemeCollectionViewCell.swift */,
				EBBE80202055DC3E009B9430 /* Assets.xcassets */,
				EBBE80222055DC3E009B9430 /* LaunchScreen.storyboard */,
				EBBE80252055DC3E009B9430 /* Info.plist */,
			);
			path = "MemeMe App";
			sourceTree = "<group>";
		};
		EBBE802D2055DC3E009B9430 /* MemeMe AppTests */ = {
			isa = PBXGroup;
			children = (
				EBBE802E2055DC3E009B9430 /* MemeMe_AppTests.swift */,
				EBBE80302055DC3E009B9430 /* Info.plist */,
			);
			path = "MemeMe AppTests";
			sourceTree = "<group>";
		};
		EBBE80382055DC3E009B9430 /* MemeMe AppUITests */ = {
			isa = PBXGroup;
			children = (
				EBBE80392055DC3E009B9430 /* MemeMe_AppUITests.swift */,
				EBBE803B2055DC3E009B9430 /* Info.plist */,
			);
			path = "MemeMe AppUITests";
			sourceTree = "<group>";
		};
/* End PBXGroup section */

/* Begin PBXNativeTarget section */
		EBBE80152055DC3E009B9430 /* MemeMe App */ = {
			isa = PBXNativeTarget;
			buildConfigurationList = EBBE803E2055DC3E009B9430 /* Build configuration list for PBXNativeTarget "MemeMe App" */;
			buildPhases = (
				EBBE80122055DC3E009B9430 /* Sources */,
				EBBE80132055DC3E009B9430 /* Frameworks */,
				EBBE80142055DC3E009B9430 /* Resources */,
			);
			buildRules = (
			);
			dependencies = (
			);
			name = "MemeMe App";
			productName = "MemeMe App";
			productReference = EBBE80162055DC3E009B9430 /* MemeMe App.app */;
			productType = "com.apple.product-type.application";
		};
		EBBE80292055DC3E009B9430 /* MemeMe AppTests */ = {
			isa = PBXNativeTarget;
			buildConfigurationList = EBBE80412055DC3E009B9430 /* Build configuration list for PBXNativeTarget "MemeMe AppTests" */;
			buildPhases = (
				EBBE80262055DC3E009B9430 /* Sources */,
				EBBE80272055DC3E009B9430 /* Frameworks */,
				EBBE80282055DC3E009B9430 /* Resources */,
			);
			buildRules = (
			);
			dependencies = (
				EBBE802C2055DC3E009B9430 /* PBXTargetDependency */,
			);
			name = "MemeMe AppTests";
			productName = "MemeMe AppTests";
			productReference = EBBE802A2055DC3E009B9430 /* MemeMe AppTests.xctest */;
			productType = "com.apple.product-type.bundle.unit-test";
		};
		EBBE80342055DC3E009B9430 /* MemeMe AppUITests */ = {
			isa = PBXNativeTarget;
			buildConfigurationList = EBBE80442055DC3E009B9430 /* Build configuration list for PBXNativeTarget "MemeMe AppUITests" */;
			buildPhases = (
				EBBE80312055DC3E009B9430 /* Sources */,
				EBBE80322055DC3E009B9430 /* Frameworks */,
				EBBE80332055DC3E009B9430 /* Resources */,
			);
			buildRules = (
			);
			dependencies = (
				EBBE80372055DC3E009B9430 /* PBXTargetDependency */,
			);
			name = "MemeMe AppUITests";
			productName = "MemeMe AppUITests";
			productReference = EBBE80352055DC3E009B9430 /* MemeMe AppUITests.xctest */;
			productType = "com.apple.product-type.bundle.ui-testing";
		};
/* End PBXNativeTarget section */

/* Begin PBXProject section */
		EBBE800E2055DC3E009B9430 /* Project object */ = {
			isa = PBXProject;
			attributes = {
				LastSwiftUpdateCheck = 0920;
				LastUpgradeCheck = 0930;
				ORGANIZATIONNAME = "Pedro Chiossi";
				TargetAttributes = {
					EBBE80152055DC3E009B9430 = {
						CreatedOnToolsVersion = 9.2;
						ProvisioningStyle = Automatic;
					};
					EBBE80292055DC3E009B9430 = {
						CreatedOnToolsVersion = 9.2;
						ProvisioningStyle = Automatic;
						TestTargetID = EBBE80152055DC3E009B9430;
					};
					EBBE80342055DC3E009B9430 = {
						CreatedOnToolsVersion = 9.2;
						ProvisioningStyle = Automatic;
						TestTargetID = EBBE80152055DC3E009B9430;
					};
				};
			};
			buildConfigurationList = EBBE80112055DC3E009B9430 /* Build configuration list for PBXProject "MemeMe App" */;
			compatibilityVersion = "Xcode 8.0";
			developmentRegion = en;
			hasScannedForEncodings = 0;
			knownRegions = (
				en,
				Base,
			);
			mainGroup = EBBE800D2055DC3E009B9430;
			productRefGroup = EBBE80172055DC3E009B9430 /* Products */;
			projectDirPath = "";
			projectRoot = "";
			targets = (
				EBBE80152055DC3E009B9430 /* MemeMe App */,
				EBBE80292055DC3E009B9430 /* MemeMe AppTests */,
				EBBE80342055DC3E009B9430 /* MemeMe AppUITests */,
			);
		};
/* End PBXProject section */

/* Begin PBXResourcesBuildPhase section */
		EBBE80142055DC3E009B9430 /* Resources */ = {
			isa = PBXResourcesBuildPhase;
			buildActionMask = 2147483647;
			files = (
				EBBAE28B2058834E002022E3 /* impact.ttf in Resources */,
				EBBE80242055DC3E009B9430 /* LaunchScreen.storyboard in Resources */,
				EBBE80212055DC3E009B9430 /* Assets.xcassets in Resources */,
				EBBE801F2055DC3E009B9430 /* Main.storyboard in Resources */,
			);
			runOnlyForDeploymentPostprocessing = 0;
		};
		EBBE80282055DC3E009B9430 /* Resources */ = {
			isa = PBXResourcesBuildPhase;
			buildActionMask = 2147483647;
			files = (
			);
			runOnlyForDeploymentPostprocessing = 0;
		};
		EBBE80332055DC3E009B9430 /* Resources */ = {
			isa = PBXResourcesBuildPhase;
			buildActionMask = 2147483647;
			files = (
			);
			runOnlyForDeploymentPostprocessing = 0;
		};
/* End PBXResourcesBuildPhase section */

/* Begin PBXSourcesBuildPhase section */
		EBBE80122055DC3E009B9430 /* Sources */ = {
			isa = PBXSourcesBuildPhase;
			buildActionMask = 2147483647;
			files = (
				EBBE801C2055DC3E009B9430 /* MemeEditorViewController.swift in Sources */,
				EB7C35A3205A1CBD004CDC4B /* TextFieldExtension.swift in Sources */,
				EBED406C206ED5DE00E0686B /* MemeCollectionViewCell.swift in Sources */,
				EBED4068206DBD9900E0686B /* SentMemesCollectionViewController.swift in Sources */,
				EB39241E2058C5CA00062A66 /* Meme.swift in Sources */,
				EBED406A206DBE9A00E0686B /* MemeDetailViewController.swift in Sources */,
				EBB2C19C2070A0F2006EE0B5 /* MemeTableViewCell.swift in Sources */,
				EBED4066206DBD6700E0686B /* SentMemesTableViewController.swift in Sources */,
				EBBE801A2055DC3E009B9430 /* AppDelegate.swift in Sources */,
			);
			runOnlyForDeploymentPostprocessing = 0;
		};
		EBBE80262055DC3E009B9430 /* Sources */ = {
			isa = PBXSourcesBuildPhase;
			buildActionMask = 2147483647;
			files = (
				EBBE802F2055DC3E009B9430 /* MemeMe_AppTests.swift in Sources */,
			);
			runOnlyForDeploymentPostprocessing = 0;
		};
		EBBE80312055DC3E009B9430 /* Sources */ = {
			isa = PBXSourcesBuildPhase;
			buildActionMask = 2147483647;
			files = (
				EBBE803A2055DC3E009B9430 /* MemeMe_AppUITests.swift in Sources */,
			);
			runOnlyForDeploymentPostprocessing = 0;
		};
/* End PBXSourcesBuildPhase section */

/* Begin PBXTargetDependency section */
		EBBE802C2055DC3E009B9430 /* PBXTargetDependency */ = {
			isa = PBXTargetDependency;
			target = EBBE80152055DC3E009B9430 /* MemeMe App */;
			targetProxy = EBBE802B2055DC3E009B9430 /* PBXContainerItemProxy */;
		};
		EBBE80372055DC3E009B9430 /* PBXTargetDependency */ = {
			isa = PBXTargetDependency;
			target = EBBE80152055DC3E009B9430 /* MemeMe App */;
			targetProxy = EBBE80362055DC3E009B9430 /* PBXContainerItemProxy */;
		};
/* End PBXTargetDependency section */

/* Begin PBXVariantGroup section */
		EBBE801D2055DC3E009B9430 /* Main.storyboard */ = {
			isa = PBXVariantGroup;
			children = (
				EBBE801E2055DC3E009B9430 /* Base */,
			);
			name = Main.storyboard;
			sourceTree = "<group>";
		};
		EBBE80222055DC3E009B9430 /* LaunchScreen.storyboard */ = {
			isa = PBXVariantGroup;
			children = (
				EBBE80232055DC3E009B9430 /* Base */,
			);
			name = LaunchScreen.storyboard;
			sourceTree = "<group>";
		};
/* End PBXVariantGroup section */

/* Begin XCBuildConfiguration section */
		EBBE803C2055DC3E009B9430 /* Debug */ = {
			isa = XCBuildConfiguration;
			buildSettings = {
				ALWAYS_SEARCH_USER_PATHS = NO;
				CLANG_ANALYZER_NONNULL = YES;
				CLANG_ANALYZER_NUMBER_OBJECT_CONVERSION = YES_AGGRESSIVE;
				CLANG_CXX_LANGUAGE_STANDARD = "gnu++14";
				CLANG_CXX_LIBRARY = "libc++";
				CLANG_ENABLE_MODULES = YES;
				CLANG_ENABLE_OBJC_ARC = YES;
				CLANG_WARN_BLOCK_CAPTURE_AUTORELEASING = YES;
				CLANG_WARN_BOOL_CONVERSION = YES;
				CLANG_WARN_COMMA = YES;
				CLANG_WARN_CONSTANT_CONVERSION = YES;
				CLANG_WARN_DEPRECATED_OBJC_IMPLEMENTATIONS = YES;
				CLANG_WARN_DIRECT_OBJC_ISA_USAGE = YES_ERROR;
				CLANG_WARN_DOCUMENTATION_COMMENTS = YES;
				CLANG_WARN_EMPTY_BODY = YES;
				CLANG_WARN_ENUM_CONVERSION = YES;
				CLANG_WARN_INFINITE_RECURSION = YES;
				CLANG_WARN_INT_CONVERSION = YES;
				CLANG_WARN_NON_LITERAL_NULL_CONVERSION = YES;
				CLANG_WARN_OBJC_IMPLICIT_RETAIN_SELF = YES;
				CLANG_WARN_OBJC_LITERAL_CONVERSION = YES;
				CLANG_WARN_OBJC_ROOT_CLASS = YES_ERROR;
				CLANG_WARN_RANGE_LOOP_ANALYSIS = YES;
				CLANG_WARN_STRICT_PROTOTYPES = YES;
				CLANG_WARN_SUSPICIOUS_MOVE = YES;
				CLANG_WARN_UNGUARDED_AVAILABILITY = YES_AGGRESSIVE;
				CLANG_WARN_UNREACHABLE_CODE = YES;
				CLANG_WARN__DUPLICATE_METHOD_MATCH = YES;
				CODE_SIGN_IDENTITY = "iPhone Developer";
				COPY_PHASE_STRIP = NO;
				DEBUG_INFORMATION_FORMAT = dwarf;
				ENABLE_STRICT_OBJC_MSGSEND = YES;
				ENABLE_TESTABILITY = YES;
				GCC_C_LANGUAGE_STANDARD = gnu11;
				GCC_DYNAMIC_NO_PIC = NO;
				GCC_NO_COMMON_BLOCKS = YES;
				GCC_OPTIMIZATION_LEVEL = 0;
				GCC_PREPROCESSOR_DEFINITIONS = (
					"DEBUG=1",
					"$(inherited)",
				);
				GCC_WARN_64_TO_32_BIT_CONVERSION = YES;
				GCC_WARN_ABOUT_RETURN_TYPE = YES_ERROR;
				GCC_WARN_UNDECLARED_SELECTOR = YES;
				GCC_WARN_UNINITIALIZED_AUTOS = YES_AGGRESSIVE;
				GCC_WARN_UNUSED_FUNCTION = YES;
				GCC_WARN_UNUSED_VARIABLE = YES;
				IPHONEOS_DEPLOYMENT_TARGET = 11.2;
				MTL_ENABLE_DEBUG_INFO = YES;
				ONLY_ACTIVE_ARCH = YES;
				SDKROOT = iphoneos;
				SWIFT_ACTIVE_COMPILATION_CONDITIONS = DEBUG;
				SWIFT_OPTIMIZATION_LEVEL = "-Onone";
			};
			name = Debug;
		};
		EBBE803D2055DC3E009B9430 /* Release */ = {
			isa = XCBuildConfiguration;
			buildSettings = {
				ALWAYS_SEARCH_USER_PATHS = NO;
				CLANG_ANALYZER_NONNULL = YES;
				CLANG_ANALYZER_NUMBER_OBJECT_CONVERSION = YES_AGGRESSIVE;
				CLANG_CXX_LANGUAGE_STANDARD = "gnu++14";
				CLANG_CXX_LIBRARY = "libc++";
				CLANG_ENABLE_MODULES = YES;
				CLANG_ENABLE_OBJC_ARC = YES;
				CLANG_WARN_BLOCK_CAPTURE_AUTORELEASING = YES;
				CLANG_WARN_BOOL_CONVERSION = YES;
				CLANG_WARN_COMMA = YES;
				CLANG_WARN_CONSTANT_CONVERSION = YES;
				CLANG_WARN_DEPRECATED_OBJC_IMPLEMENTATIONS = YES;
				CLANG_WARN_DIRECT_OBJC_ISA_USAGE = YES_ERROR;
				CLANG_WARN_DOCUMENTATION_COMMENTS = YES;
				CLANG_WARN_EMPTY_BODY = YES;
				CLANG_WARN_ENUM_CONVERSION = YES;
				CLANG_WARN_INFINITE_RECURSION = YES;
				CLANG_WARN_INT_CONVERSION = YES;
				CLANG_WARN_NON_LITERAL_NULL_CONVERSION = YES;
				CLANG_WARN_OBJC_IMPLICIT_RETAIN_SELF = YES;
				CLANG_WARN_OBJC_LITERAL_CONVERSION = YES;
				CLANG_WARN_OBJC_ROOT_CLASS = YES_ERROR;
				CLANG_WARN_RANGE_LOOP_ANALYSIS = YES;
				CLANG_WARN_STRICT_PROTOTYPES = YES;
				CLANG_WARN_SUSPICIOUS_MOVE = YES;
				CLANG_WARN_UNGUARDED_AVAILABILITY = YES_AGGRESSIVE;
				CLANG_WARN_UNREACHABLE_CODE = YES;
				CLANG_WARN__DUPLICATE_METHOD_MATCH = YES;
				CODE_SIGN_IDENTITY = "iPhone Developer";
				COPY_PHASE_STRIP = NO;
				DEBUG_INFORMATION_FORMAT = "dwarf-with-dsym";
				ENABLE_NS_ASSERTIONS = NO;
				ENABLE_STRICT_OBJC_MSGSEND = YES;
				GCC_C_LANGUAGE_STANDARD = gnu11;
				GCC_NO_COMMON_BLOCKS = YES;
				GCC_WARN_64_TO_32_BIT_CONVERSION = YES;
				GCC_WARN_ABOUT_RETURN_TYPE = YES_ERROR;
				GCC_WARN_UNDECLARED_SELECTOR = YES;
				GCC_WARN_UNINITIALIZED_AUTOS = YES_AGGRESSIVE;
				GCC_WARN_UNUSED_FUNCTION = YES;
				GCC_WARN_UNUSED_VARIABLE = YES;
				IPHONEOS_DEPLOYMENT_TARGET = 11.2;
				MTL_ENABLE_DEBUG_INFO = NO;
				SDKROOT = iphoneos;
				SWIFT_OPTIMIZATION_LEVEL = "-Owholemodule";
				VALIDATE_PRODUCT = YES;
			};
			name = Release;
		};
		EBBE803F2055DC3E009B9430 /* Debug */ = {
			isa = XCBuildConfiguration;
			buildSettings = {
				ASSETCATALOG_COMPILER_APPICON_NAME = AppIcon;
				CODE_SIGN_STYLE = Automatic;
				DEVELOPMENT_TEAM = 794X734999;
				INFOPLIST_FILE = "MemeMe App/Info.plist";
				LD_RUNPATH_SEARCH_PATHS = "$(inherited) @executable_path/Frameworks";
				PRODUCT_BUNDLE_IDENTIFIER = "pedrochiossi.MemeMe-App";
				PRODUCT_NAME = "$(TARGET_NAME)";
				SWIFT_VERSION = 4.0;
				TARGETED_DEVICE_FAMILY = "1,2";
			};
			name = Debug;
		};
		EBBE80402055DC3E009B9430 /* Release */ = {
			isa = XCBuildConfiguration;
			buildSettings = {
				ASSETCATALOG_COMPILER_APPICON_NAME = AppIcon;
				CODE_SIGN_STYLE = Automatic;
				DEVELOPMENT_TEAM = 794X734999;
				INFOPLIST_FILE = "MemeMe App/Info.plist";
				LD_RUNPATH_SEARCH_PATHS = "$(inherited) @executable_path/Frameworks";
				PRODUCT_BUNDLE_IDENTIFIER = "pedrochiossi.MemeMe-App";
				PRODUCT_NAME = "$(TARGET_NAME)";
				SWIFT_VERSION = 4.0;
				TARGETED_DEVICE_FAMILY = "1,2";
			};
			name = Release;
		};
		EBBE80422055DC3E009B9430 /* Debug */ = {
			isa = XCBuildConfiguration;
			buildSettings = {
				ALWAYS_EMBED_SWIFT_STANDARD_LIBRARIES = YES;
				BUNDLE_LOADER = "$(TEST_HOST)";
				CODE_SIGN_STYLE = Automatic;
				DEVELOPMENT_TEAM = 794X734999;
				INFOPLIST_FILE = "MemeMe AppTests/Info.plist";
				LD_RUNPATH_SEARCH_PATHS = "$(inherited) @executable_path/Frameworks @loader_path/Frameworks";
				PRODUCT_BUNDLE_IDENTIFIER = "pedrochiossi.MemeMe-AppTests";
				PRODUCT_NAME = "$(TARGET_NAME)";
				SWIFT_VERSION = 4.0;
				TARGETED_DEVICE_FAMILY = "1,2";
				TEST_HOST = "$(BUILT_PRODUCTS_DIR)/MemeMe App.app/MemeMe App";
			};
			name = Debug;
		};
		EBBE80432055DC3E009B9430 /* Release */ = {
			isa = XCBuildConfiguration;
			buildSettings = {
				ALWAYS_EMBED_SWIFT_STANDARD_LIBRARIES = YES;
				BUNDLE_LOADER = "$(TEST_HOST)";
				CODE_SIGN_STYLE = Automatic;
				DEVELOPMENT_TEAM = 794X734999;
				INFOPLIST_FILE = "MemeMe AppTests/Info.plist";
				LD_RUNPATH_SEARCH_PATHS = "$(inherited) @executable_path/Frameworks @loader_path/Frameworks";
				PRODUCT_BUNDLE_IDENTIFIER = "pedrochiossi.MemeMe-AppTests";
				PRODUCT_NAME = "$(TARGET_NAME)";
				SWIFT_VERSION = 4.0;
				TARGETED_DEVICE_FAMILY = "1,2";
				TEST_HOST = "$(BUILT_PRODUCTS_DIR)/MemeMe App.app/MemeMe App";
			};
			name = Release;
		};
		EBBE80452055DC3E009B9430 /* Debug */ = {
			isa = XCBuildConfiguration;
			buildSettings = {
				ALWAYS_EMBED_SWIFT_STANDARD_LIBRARIES = YES;
				CODE_SIGN_STYLE = Automatic;
				DEVELOPMENT_TEAM = 794X734999;
				INFOPLIST_FILE = "MemeMe AppUITests/Info.plist";
				LD_RUNPATH_SEARCH_PATHS = "$(inherited) @executable_path/Frameworks @loader_path/Frameworks";
				PRODUCT_BUNDLE_IDENTIFIER = "pedrochiossi.MemeMe-AppUITests";
				PRODUCT_NAME = "$(TARGET_NAME)";
				SWIFT_VERSION = 4.0;
				TARGETED_DEVICE_FAMILY = "1,2";
				TEST_TARGET_NAME = "MemeMe App";
			};
			name = Debug;
		};
		EBBE80462055DC3E009B9430 /* Release */ = {
			isa = XCBuildConfiguration;
			buildSettings = {
				ALWAYS_EMBED_SWIFT_STANDARD_LIBRARIES = YES;
				CODE_SIGN_STYLE = Automatic;
				DEVELOPMENT_TEAM = 794X734999;
				INFOPLIST_FILE = "MemeMe AppUITests/Info.plist";
				LD_RUNPATH_SEARCH_PATHS = "$(inherited) @executable_path/Frameworks @loader_path/Frameworks";
				PRODUCT_BUNDLE_IDENTIFIER = "pedrochiossi.MemeMe-AppUITests";
				PRODUCT_NAME = "$(TARGET_NAME)";
				SWIFT_VERSION = 4.0;
				TARGETED_DEVICE_FAMILY = "1,2";
				TEST_TARGET_NAME = "MemeMe App";
			};
			name = Release;
		};
/* End XCBuildConfiguration section */

/* Begin XCConfigurationList section */
		EBBE80112055DC3E009B9430 /* Build configuration list for PBXProject "MemeMe App" */ = {
			isa = XCConfigurationList;
			buildConfigurations = (
				EBBE803C2055DC3E009B9430 /* Debug */,
				EBBE803D2055DC3E009B9430 /* Release */,
			);
			defaultConfigurationIsVisible = 0;
			defaultConfigurationName = Release;
		};
		EBBE803E2055DC3E009B9430 /* Build configuration list for PBXNativeTarget "MemeMe App" */ = {
			isa = XCConfigurationList;
			buildConfigurations = (
				EBBE803F2055DC3E009B9430 /* Debug */,
				EBBE80402055DC3E009B9430 /* Release */,
			);
			defaultConfigurationIsVisible = 0;
			defaultConfigurationName = Release;
		};
		EBBE80412055DC3E009B9430 /* Build configuration list for PBXNativeTarget "MemeMe AppTests" */ = {
			isa = XCConfigurationList;
			buildConfigurations = (
				EBBE80422055DC3E009B9430 /* Debug */,
				EBBE80432055DC3E009B9430 /* Release */,
			);
			defaultConfigurationIsVisible = 0;
			defaultConfigurationName = Release;
		};
		EBBE80442055DC3E009B9430 /* Build configuration list for PBXNativeTarget "MemeMe AppUITests" */ = {
			isa = XCConfigurationList;
			buildConfigurations = (
				EBBE80452055DC3E009B9430 /* Debug */,
				EBBE80462055DC3E009B9430 /* Release */,
			);
			defaultConfigurationIsVisible = 0;
			defaultConfigurationName = Release;
		};
/* End XCConfigurationList section */
	};
	rootObject = EBBE800E2055DC3E009B9430 /* Project object */;
}
